
Microsoft Visual Studio Solution File, Format Version 12.00
# Visual Studio Version 17
VisualStudioVersion = 17.7.34003.232
MinimumVisualStudioVersion = 10.0.40219.1
Project("{9A19103F-16F7-4668-BE54-9A1E7A4F7556}") = "_Designer", "_Designer\_Designer.csproj", "{7203ECA1-184A-476F-8405-8C18F3726552}"
EndProject
Project("{9A19103F-16F7-4668-BE54-9A1E7A4F7556}") = "Models", "Models\Models.csproj", "{CDDD93B1-A4B4-4C9F-92C9-14E00BB0D94B}"
EndProject
Project("{9A19103F-16F7-4668-BE54-9A1E7A4F7556}") = "DataAccess", "DataAccess\DataAccess.csproj", "{27B948B4-0EED-4962-85C7-4B3B47FAA174}"
EndProject
Project("{9A19103F-16F7-4668-BE54-9A1E7A4F7556}") = "ConsoleApp", "ConsoleApp\ConsoleApp.csproj", "{29C7392B-E4C9-4A0F-938F-F7F668D196E4}"
EndProject
Project("{9A19103F-16F7-4668-BE54-9A1E7A4F7556}") = "HelloAdoNet", "HelloAdoNet\HelloAdoNet.csproj", "{83B92D10-E0A6-4E34-A688-C605518AB028}"
EndProject
Project("{FAE04EC0-301F-11D3-BF4B-00C04F79EFBC}") = "Example02", "Example02\Example02.csproj", "{4F3ED256-DEFC-44E6-B5C9-D5E78B78DCBB}"
EndProject
Project("{FAE04EC0-301F-11D3-BF4B-00C04F79EFBC}") = "Example03", "Example03\Example03.csproj", "{8CA95A93-615F-435A-8EB7-61BCC6392FDD}"
EndProject
Global
	GlobalSection(SolutionConfigurationPlatforms) = preSolution
		Debug|Any CPU = Debug|Any CPU
		Release|Any CPU = Release|Any CPU
	EndGlobalSection
	GlobalSection(ProjectConfigurationPlatforms) = postSolution
		{7203ECA1-184A-476F-8405-8C18F3726552}.Debug|Any CPU.ActiveCfg = Debug|Any CPU
		{7203ECA1-184A-476F-8405-8C18F3726552}.Debug|Any CPU.Build.0 = Debug|Any CPU
		{7203ECA1-184A-476F-8405-8C18F3726552}.Release|Any CPU.ActiveCfg = Release|Any CPU
		{7203ECA1-184A-476F-8405-8C18F3726552}.Release|Any CPU.Build.0 = Release|Any CPU
		{CDDD93B1-A4B4-4C9F-92C9-14E00BB0D94B}.Debug|Any CPU.ActiveCfg = Debug|Any CPU
		{CDDD93B1-A4B4-4C9F-92C9-14E00BB0D94B}.Debug|Any CPU.Build.0 = Debug|Any CPU
		{CDDD93B1-A4B4-4C9F-92C9-14E00BB0D94B}.Release|Any CPU.ActiveCfg = Release|Any CPU
		{CDDD93B1-A4B4-4C9F-92C9-14E00BB0D94B}.Release|Any CPU.Build.0 = Release|Any CPU
		{27B948B4-0EED-4962-85C7-4B3B47FAA174}.Debug|Any CPU.ActiveCfg = Debug|Any CPU
		{27B948B4-0EED-4962-85C7-4B3B47FAA174}.Debug|Any CPU.Build.0 = Debug|Any CPU
		{27B948B4-0EED-4962-85C7-4B3B47FAA174}.Release|Any CPU.ActiveCfg = Release|Any CPU
		{27B948B4-0EED-4962-85C7-4B3B47FAA174}.Release|Any CPU.Build.0 = Release|Any CPU
		{29C7392B-E4C9-4A0F-938F-F7F668D196E4}.Debug|Any CPU.ActiveCfg = Debug|Any CPU
		{29C7392B-E4C9-4A0F-938F-F7F668D196E4}.Debug|Any CPU.Build.0 = Debug|Any CPU
		{29C7392B-E4C9-4A0F-938F-F7F668D196E4}.Release|Any CPU.ActiveCfg = Release|Any CPU
		{29C7392B-E4C9-4A0F-938F-F7F668D196E4}.Release|Any CPU.Build.0 = Release|Any CPU
		{83B92D10-E0A6-4E34-A688-C605518AB028}.Debug|Any CPU.ActiveCfg = Debug|Any CPU
		{83B92D10-E0A6-4E34-A688-C605518AB028}.Debug|Any CPU.Build.0 = Debug|Any CPU
		{83B92D10-E0A6-4E34-A688-C605518AB028}.Release|Any CPU.ActiveCfg = Release|Any CPU
		{83B92D10-E0A6-4E34-A688-C605518AB028}.Release|Any CPU.Build.0 = Release|Any CPU
		{4F3ED256-DEFC-44E6-B5C9-D5E78B78DCBB}.Debug|Any CPU.ActiveCfg = Debug|Any CPU
		{4F3ED256-DEFC-44E6-B5C9-D5E78B78DCBB}.Debug|Any CPU.Build.0 = Debug|Any CPU
		{4F3ED256-DEFC-44E6-B5C9-D5E78B78DCBB}.Release|Any CPU.ActiveCfg = Release|Any CPU
		{4F3ED256-DEFC-44E6-B5C9-D5E78B78DCBB}.Release|Any CPU.Build.0 = Release|Any CPU
		{8CA95A93-615F-435A-8EB7-61BCC6392FDD}.Debug|Any CPU.ActiveCfg = Debug|Any CPU
		{8CA95A93-615F-435A-8EB7-61BCC6392FDD}.Debug|Any CPU.Build.0 = Debug|Any CPU
		{8CA95A93-615F-435A-8EB7-61BCC6392FDD}.Release|Any CPU.ActiveCfg = Release|Any CPU
		{8CA95A93-615F-435A-8EB7-61BCC6392FDD}.Release|Any CPU.Build.0 = Release|Any CPU
	EndGlobalSection
	GlobalSection(SolutionProperties) = preSolution
		HideSolutionNode = FALSE
	EndGlobalSection
	GlobalSection(ExtensibilityGlobals) = postSolution
		SolutionGuid = {762E2685-BBC4-460C-9C44-CEE803776BBE}
	EndGlobalSection
EndGlobal
