
Microsoft Visual Studio Solution File, Format Version 12.00
# Visual Studio Version 17
VisualStudioVersion = 17.7.34003.232
MinimumVisualStudioVersion = 10.0.40219.1
Project("{9A19103F-16F7-4668-BE54-9A1E7A4F7556}") = "netCore", "netCore.csproj", "{7167C79E-3CC5-43AB-A738-C04140D9E906}"
EndProject
Project("{9A19103F-16F7-4668-BE54-9A1E7A4F7556}") = "netCoreMVC", "..\netCoreMVC\netCoreMVC.csproj", "{9E2A881D-69F8-4780-885A-BB9128C92EF9}"
EndProject
Global
	GlobalSection(SolutionConfigurationPlatforms) = preSolution
		Debug|Any CPU = Debug|Any CPU
		Release|Any CPU = Release|Any CPU
	EndGlobalSection
	GlobalSection(ProjectConfigurationPlatforms) = postSolution
		{7167C79E-3CC5-43AB-A738-C04140D9E906}.Debug|Any CPU.ActiveCfg = Debug|Any CPU
		{7167C79E-3CC5-43AB-A738-C04140D9E906}.Debug|Any CPU.Build.0 = Debug|Any CPU
		{7167C79E-3CC5-43AB-A738-C04140D9E906}.Release|Any CPU.ActiveCfg = Release|Any CPU
		{7167C79E-3CC5-43AB-A738-C04140D9E906}.Release|Any CPU.Build.0 = Release|Any CPU
		{9E2A881D-69F8-4780-885A-BB9128C92EF9}.Debug|Any CPU.ActiveCfg = Debug|Any CPU
		{9E2A881D-69F8-4780-885A-BB9128C92EF9}.Debug|Any CPU.Build.0 = Debug|Any CPU
		{9E2A881D-69F8-4780-885A-BB9128C92EF9}.Release|Any CPU.ActiveCfg = Release|Any CPU
		{9E2A881D-69F8-4780-885A-BB9128C92EF9}.Release|Any CPU.Build.0 = Release|Any CPU
	EndGlobalSection
	GlobalSection(SolutionProperties) = preSolution
		HideSolutionNode = FALSE
	EndGlobalSection
	GlobalSection(ExtensibilityGlobals) = postSolution
		SolutionGuid = {61E318E9-484C-44F1-B279-B66CFE01EC4C}
	EndGlobalSection
EndGlobal
